github.com/go-ping/ping v1.2.0 h1:vsJ8slZBZAXNCK4dPcI2PEE9eM9n9RbXbGouVQ/Y4yQ=
github.com/go-ping/ping v1.2.0/go.mod h1:xIFjORFzTxqIV/tDVGO4eDy/bLuSyawEeojSm3GfRGk=
github.com/google/go-cmp v0.5.6/go.mod h1:v8dTdLbMG2kIc/vJvl+f65V22dbkXbowE6jgT/gNBxE=
github.com/google/go-cmp v0.5.7/go.mod h1:n+brtR0CgQNWTVd5ZUFpTBC8YFBDLK/h/bpaJ8/DtOE=
github.com/google/go-cmp v0.5.9 h1:O2Tfq5qg4qc4AmwVlvv0oLiVAGB7enBSJ2x2DqQFi38=
github.com/google/go-cmp v0.5.9/go.mod h1:17dUlkBOakJ0+DkrSSNjCkIjxS6bF9zb3elmeNGIjoY=
github.com/google/uuid v1.2.0 h1:qJYtXnJRWmpe7m/3XlyhrsLrEURqHRM2kxzoxXqyUDs=
github.com/google/uuid v1.2.0/go.mod h1:TIyPZe4MgqvfeYDBFedMoGGpEw/LqOeaOT+nhxU+yHo=
github.com/josharian/native v1.0.0/go.mod h1:7X/raswPFr05uY3HiLlYeyQntB6OO7E/d2Cu7qoaN2w=
github.com/josharian/native v1.1.0 h1:uuaP0hAbW7Y4l0ZRQ6C9zfb7Mg1mbFKry/xzDAfmtLA=
github.com/josharian/native v1.1.0/go.mod h1:7X/raswPFr05uY3HiLlYeyQntB6OO7E/d2Cu7qoaN2w=
github.com/mdlayher/arp v0.0.0-20260528070854-93566ba168e9 h1:BHAyJqKF1bq35osYcXxHRniQsm8SdpUbwl0Ahgc0YX0=
github.com/mdlayher/arp v0.0.0-20260528070854-93566ba168e9/go.mod h1:GFViBCpVAC1hJzY9ZN1fWXfC3hGYVA1M3LXvw4d6cvM=
github.com/mdlayher/ethernet v0.0.0-20220221185849-529eae5b6118 h1:2oDp6OOhLxQ9JBoUuysVz9UZ9uI6oLUbvAZu0x8o+vE=
github.com/mdlayher/ethernet v0.0.0-20220221185849-529eae5b6118/go.mod h1:ZFUnHIVchZ9lJoWoEGUg8Q3M4U8aNNWA3CVSUTkW4og=
github.com/mdlayher/packet v1.0.0/go.mod h1:eE7/ctqDhoiRhQ44ko5JZU2zxB88g+JH/6jmnjzPjOU=
github.com/mdlayher/packet v1.1.2 h1:3Up1NG6LZrsgDVn6X4L9Ge/iyRyxFEFD9o6Pr3Q1nQY=
github.com/mdlayher/packet v1.1.2/go.mod h1:GEu1+n9sG5VtiRE4SydOmX5GTwyyYlteZiFU+x0kew4=
github.com/mdlayher/socket v0.2.1/go.mod h1:QLlNPkFR88mRUNQIzRBMfXxwKal8H7u1h3bL1CV+f0E=
github.com/mdlayher/socket v0.4.1 h1:eM9y2/jlbs1M615oshPQOHZzj6R6wMT7bX5NPiQvn2U=
github.com/mdlayher/socket v0.4.1/go.mod h1:cAqeGjoufqdxWkD7DkpyS+wcefOtmu5OQ8KuoJGIReA=
github.com/vishvananda/netlink v1.3.1 h1:3AEMt62VKqz90r0tmNhog0r/PpWKmrEShJU0wJW6bV0=
github.com/vishvananda/netlink v1.3.1/go.mod h1:ARtKouGSTGchR8aMwmkzC0qiNPrrWO5JS/XMVl45+b4=
github.com/vishvananda/netns v0.0.5 h1:DfiHV+j8bA32MFM7bfEunvT8IAqQ/NzSJHtcmW5zdEY=
github.com/vishvananda/netns v0.0.5/go.mod h1:SpkAiCQRtJ6TvvxPnOSyH3BMl6unz3xZlaprSwhNNJM=
golang.org/x/crypto v0.0.0-20190308221718-c2843e01d9a2/go.mod h1:djNgcEr1/C05ACkg1iLfiJU5Ep61QUkGW8qpdssI0+w=
golang.org/x/net v0.0.0-20190503192946-f4e77d36d62c/go.mod h1:t9HGtf8HONx5eT2rtn7q6eTqICYqUVnKs3thJo3Qplg=
golang.org/x/net v0.0.0-20190603091049-60506f45cf65/go.mod h1:HSz+uSET+XFnRR8LxR5pz3Of3rY3CfYBVs4xY44aLks=
golang.org/x/net v0.0.0-20210316092652-d523dce5a7f4/go.mod h1:RBQZq4jEuRlivfhVLdyRGr576XBO4/greRjx4P4O3yc=
golang.org/x/net v0.38.0 h1:vRMAPTMaeGqVhG5QyLJHqNDwecKTomGeqbnfZyKlBI8=
golang.org/x/net v0.38.0/go.mod h1:ivrbrMbzFq5J41QOQh0siUuly180yBYtLp+CKbEaFx8=
golang.org/x/sync v0.0.0-20210220032951-036812b2e83c/go.mod h1:RxMgew5VJxzue5/jJTE5uejpjVlOe/izrB70Jof72aM=
golang.org/x/sync v0.1.0 h1:wsuoTGHzEhffawBOhz5CYhcrV4IdKZbEyZjBMuTp12o=
golang.org/x/sync v0.1.0/go.mod h1:RxMgew5VJxzue5/jJTE5uejpjVlOe/izrB70Jof72aM=
golang.org/x/sys v0.0.0-20190215142949-d0b11bdaac8a/go.mod h1:STP8DvDyc/dI5b8T5hshtkjS+E42TnysNCUPdjciGhY=
golang.org/x/sys v0.0.0-20201119102817-f84b799fce68/go.mod h1:h1NjWce9XRLGQEsW7wpKNCjG9DtNlClVuFLEZdDNbEs=
golang.org/x/sys v0.0.0-20210315160823-c6e025ad8005/go.mod h1:h1NjWce9XRLGQEsW7wpKNCjG9DtNlClVuFLEZdDNbEs=
golang.org/x/sys v0.0.0-20210927094055-39ccf1dd6fa6/go.mod h1:oPkhp1MJrh7nUepCBck5+mAzfO9JrbApNNgaTdGDITg=
golang.org/x/sys v0.0.0-20220209214540-3681064d5158/go.mod h1:oPkhp1MJrh7nUepCBck5+mAzfO9JrbApNNgaTdGDITg=
golang.org/x/sys v0.2.0/go.mod h1:oPkhp1MJrh7nUepCBck5+mAzfO9JrbApNNgaTdGDITg=
golang.org/x/sys v0.10.0/go.mod h1:oPkhp1MJrh7nUepCBck5+mAzfO9JrbApNNgaTdGDITg=
golang.org/x/sys v0.31.0 h1:ioabZlmFYtWhL+TRYpcnNlLwhyxaM9kWTDEmfnprqik=
golang.org/x/sys v0.31.0/go.mod h1:BJP2sWEmIv4KK5OTEluFJCKSidICx8ciO85XgH3Ak8k=
golang.org/x/term v0.0.0-20201126162022-7de9c90e9dd1/go.mod h1:bj7SfCRtBDWHUb9snDiAeCFNEtKQo2Wmx5Cou7ajbmo=
golang.org/x/text v0.3.0/go.mod h1:NqM8EUOU14njkJ3fqMW+pc6Ldnwhi/IjpwHt7yyuwOQ=
golang.org/x/text v0.3.3/go.mod h1:5Zoc/QRtKVWzQhOtBMvqHzDpF6irO9z98xDceosuGiQ=
golang.org/x/tools v0.0.0-20180917221912-90fa682c2a6e/go.mod h1:n7NCudcB/nEzxVGmLbDWY5pfWTLqBcC2KZ6jyYvM4mQ=
golang.org/x/xerrors v0.0.0-20191204190536-9bdfabe68543/go.mod h1:I/5z698sn9Ka8TeJc9MKroUUfqBBauWjQqLJ2OPfmY0=
